
Microsoft Visual Studio Solution File, Format Version 12.00
# Visual Studio 15
VisualStudioVersion = 15.0.28307.902
MinimumVisualStudioVersion = 10.0.40219.1
Project("{FAE04EC0-301F-11D3-BF4B-00C04F79EFBC}") = "Clase1_NetFramework", "Clase1_NetFramework\Clase1_NetFramework.csproj", "{2DBA1C42-F63F-419F-BE51-526A72B1C670}"
EndProject
Project("{2150E333-8FDC-42A3-9474-1A3956D46DE8}") = "Solution Items", "Solution Items", "{82E1753A-FBF3-4625-8D33-AB07FA0CB0A5}"
	ProjectSection(SolutionItems) = preProject
		Notas.txt = Notas.txt
	EndProjectSection
EndProject
Global
	GlobalSection(SolutionConfigurationPlatforms) = preSolution
		Debug|Any CPU = Debug|Any CPU
		Release|Any CPU = Release|Any CPU
	EndGlobalSection
	GlobalSection(ProjectConfigurationPlatforms) = postSolution
		{2DBA1C42-F63F-419F-BE51-526A72B1C670}.Debug|Any CPU.ActiveCfg = Debug|Any CPU
		{2DBA1C42-F63F-419F-BE51-526A72B1C670}.Debug|Any CPU.Build.0 = Debug|Any CPU
		{2DBA1C42-F63F-419F-BE51-526A72B1C670}.Release|Any CPU.ActiveCfg = Release|Any CPU
		{2DBA1C42-F63F-419F-BE51-526A72B1C670}.Release|Any CPU.Build.0 = Release|Any CPU
	EndGlobalSection
	GlobalSection(SolutionProperties) = preSolution
		HideSolutionNode = FALSE
	EndGlobalSection
	GlobalSection(ExtensibilityGlobals) = postSolution
		SolutionGuid = {B927FC0E-EFEA-4E2C-9CD5-F04490AB89C5}
	EndGlobalSection
EndGlobal
